
Microsoft Visual Studio Solution File, Format Version 12.00
# Visual Studio Version 16
VisualStudioVersion = 16.0.29806.167
MinimumVisualStudioVersion = 10.0.40219.1
Project("{FAE04EC0-301F-11D3-BF4B-00C04F79EFBC}") = "NoDesk", "NoDesk\NoDesk.csproj", "{F2DA3A45-FCC0-4B4D-92FD-4667FD42556F}"
EndProject
Project("{FAE04EC0-301F-11D3-BF4B-00C04F79EFBC}") = "NoDeskDAL", "NoDeskDAL\NoDeskDAL.csproj", "{F98E8ABC-1E11-4532-B70E-5048F1FBDF6B}"
EndProject
Global
	GlobalSection(SolutionConfigurationPlatforms) = preSolution
		Debug|Any CPU = Debug|Any CPU
		Release|Any CPU = Release|Any CPU
	EndGlobalSection
	GlobalSection(ProjectConfigurationPlatforms) = postSolution
		{F2DA3A45-FCC0-4B4D-92FD-4667FD42556F}.Debug|Any CPU.ActiveCfg = Debug|Any CPU
		{F2DA3A45-FCC0-4B4D-92FD-4667FD42556F}.Debug|Any CPU.Build.0 = Debug|Any CPU
		{F2DA3A45-FCC0-4B4D-92FD-4667FD42556F}.Release|Any CPU.ActiveCfg = Release|Any CPU
		{F2DA3A45-FCC0-4B4D-92FD-4667FD42556F}.Release|Any CPU.Build.0 = Release|Any CPU
		{F98E8ABC-1E11-4532-B70E-5048F1FBDF6B}.Debug|Any CPU.ActiveCfg = Debug|Any CPU
		{F98E8ABC-1E11-4532-B70E-5048F1FBDF6B}.Debug|Any CPU.Build.0 = Debug|Any CPU
		{F98E8ABC-1E11-4532-B70E-5048F1FBDF6B}.Release|Any CPU.ActiveCfg = Release|Any CPU
		{F98E8ABC-1E11-4532-B70E-5048F1FBDF6B}.Release|Any CPU.Build.0 = Release|Any CPU
	EndGlobalSection
	GlobalSection(SolutionProperties) = preSolution
		HideSolutionNode = FALSE
	EndGlobalSection
	GlobalSection(ExtensibilityGlobals) = postSolution
		SolutionGuid = {83678F0F-5A3F-41E1-82E9-FE5C345D39A5}
	EndGlobalSection
EndGlobal
